github.com/0xef53/go-qmp v1.0.0 h1:F2IowrjS8WRKwUO5EenSzTr6xBu7qAbEOnHQ9nNAgxQ=
github.com/0xef53/go-qmp/v2 v2.0.1 h1:gICtJ0eplbHfxafQix3pqFLM8t3Db29GhhtyYoNhjNE=
github.com/0xef53/go-qmp/v2 v2.0.1/go.mod h1:kqJLp1jcRUdsFE9WPBhPGy6r+/NOT4O7MyPImF9wD8A=
github.com/0xef53/liner v0.0.0-20160615113019-8975875355a8 h1:+Q0uzJh6lFIdOfzdRrW65KWpqL6YExJr1A0WHjFhOQs=
github.com/0xef53/liner v0.0.0-20160615113019-8975875355a8/go.mod h1:+J9ttMBwY2NxF2l5nqTkvlVltdCa3iVIZuWRi9vY1dU=
